// !$*UTF8*$!
{
	archiveVersion = 1;
	classes = {
	};
	objectVersion = 60;
	objects = {

/* Begin PBXBuildFile section */
		AA0000000000000000000101 /* MetroAISchedulerApp.swift in Sources */ = {isa = PBXBuildFile; fileRef = AA0000000000000000000201 /* MetroAISchedulerApp.swift */; };
		AA0000000000000000000102 /* AppViewModel.swift in Sources */ = {isa = PBXBuildFile; fileRef = AA0000000000000000000202 /* AppViewModel.swift */; };
		AA0000000000000000000103 /* Models.swift in Sources */ = {isa = PBXBuildFile; fileRef = AA0000000000000000000203 /* Models.swift */; };
		AA0000000000000000000104 /* Validation.swift in Sources */ = {isa = PBXBuildFile; fileRef = AA0000000000000000000204 /* Validation.swift */; };
		AA0000000000000000000105 /* ShiftExpansion.swift in Sources */ = {isa = PBXBuildFile; fileRef = AA0000000000000000000205 /* ShiftExpansion.swift */; };
		AA0000000000000000000106 /* SolverTypes.swift in Sources */ = {isa = PBXBuildFile; fileRef = AA0000000000000000000206 /* SolverTypes.swift */; };
		AA0000000000000000000107 /* PythonSolverAdapter.swift in Sources */ = {isa = PBXBuildFile; fileRef = AA0000000000000000000207 /* PythonSolverAdapter.swift */; };
		AA0000000000000000000108 /* ProjectStore.swift in Sources */ = {isa = PBXBuildFile; fileRef = AA0000000000000000000208 /* ProjectStore.swift */; };
		AA0000000000000000000109 /* Exporters.swift in Sources */ = {isa = PBXBuildFile; fileRef = AA0000000000000000000209 /* Exporters.swift */; };
		AA0000000000000000000110 /* ContentView.swift in Sources */ = {isa = PBXBuildFile; fileRef = AA0000000000000000000210 /* ContentView.swift */; };
		AA0000000000000000000111 /* ShiftTemplatesView.swift in Sources */ = {isa = PBXBuildFile; fileRef = AA0000000000000000000211 /* ShiftTemplatesView.swift */; };
		AA0000000000000000000112 /* StudentsView.swift in Sources */ = {isa = PBXBuildFile; fileRef = AA0000000000000000000212 /* StudentsView.swift */; };
		AA0000000000000000000113 /* BlockRulesView.swift in Sources */ = {isa = PBXBuildFile; fileRef = AA0000000000000000000213 /* BlockRulesView.swift */; };
		AA0000000000000000000114 /* GenerateView.swift in Sources */ = {isa = PBXBuildFile; fileRef = AA0000000000000000000214 /* GenerateView.swift */; };
		AA0000000000000000000115 /* ResultsView.swift in Sources */ = {isa = PBXBuildFile; fileRef = AA0000000000000000000215 /* ResultsView.swift */; };
		AA0000000000000000000117 /* SettingsView.swift in Sources */ = {isa = PBXBuildFile; fileRef = AA0000000000000000000217 /* SettingsView.swift */; };
		AA0000000000000000000118 /* MonthlyCalendarPage.swift in Sources */ = {isa = PBXBuildFile; fileRef = AA0000000000000000000218 /* MonthlyCalendarPage.swift */; };
		AA0000000000000000000116 /* ortools_solver.py in Resources */ = {isa = PBXBuildFile; fileRef = AA0000000000000000000216 /* ortools_solver.py */; };
/* End PBXBuildFile section */

/* Begin PBXFileReference section */
		AA0000000000000000000001 /* MetroAIScheduler.app */ = {isa = PBXFileReference; explicitFileType = wrapper.application; includeInIndex = 0; path = MetroAIScheduler.app; sourceTree = BUILT_PRODUCTS_DIR; };
		AA0000000000000000000201 /* MetroAISchedulerApp.swift */ = {isa = PBXFileReference; lastKnownFileType = sourcecode.swift; path = MetroAISchedulerApp.swift; sourceTree = "<group>"; };
		AA0000000000000000000202 /* AppViewModel.swift */ = {isa = PBXFileReference; lastKnownFileType = sourcecode.swift; path = AppViewModel.swift; sourceTree = "<group>"; };
		AA0000000000000000000203 /* Models.swift */ = {isa = PBXFileReference; lastKnownFileType = sourcecode.swift; path = Models.swift; sourceTree = "<group>"; };
		AA0000000000000000000204 /* Validation.swift */ = {isa = PBXFileReference; lastKnownFileType = sourcecode.swift; path = Validation.swift; sourceTree = "<group>"; };
		AA0000000000000000000205 /* ShiftExpansion.swift */ = {isa = PBXFileReference; lastKnownFileType = sourcecode.swift; path = ShiftExpansion.swift; sourceTree = "<group>"; };
		AA0000000000000000000206 /* SolverTypes.swift */ = {isa = PBXFileReference; lastKnownFileType = sourcecode.swift; path = SolverTypes.swift; sourceTree = "<group>"; };
		AA0000000000000000000207 /* PythonSolverAdapter.swift */ = {isa = PBXFileReference; lastKnownFileType = sourcecode.swift; path = PythonSolverAdapter.swift; sourceTree = "<group>"; };
		AA0000000000000000000208 /* ProjectStore.swift */ = {isa = PBXFileReference; lastKnownFileType = sourcecode.swift; path = ProjectStore.swift; sourceTree = "<group>"; };
		AA0000000000000000000209 /* Exporters.swift */ = {isa = PBXFileReference; lastKnownFileType = sourcecode.swift; path = Exporters.swift; sourceTree = "<group>"; };
		AA0000000000000000000210 /* ContentView.swift */ = {isa = PBXFileReference; lastKnownFileType = sourcecode.swift; path = ContentView.swift; sourceTree = "<group>"; };
		AA0000000000000000000211 /* ShiftTemplatesView.swift */ = {isa = PBXFileReference; lastKnownFileType = sourcecode.swift; path = ShiftTemplatesView.swift; sourceTree = "<group>"; };
		AA0000000000000000000212 /* StudentsView.swift */ = {isa = PBXFileReference; lastKnownFileType = sourcecode.swift; path = StudentsView.swift; sourceTree = "<group>"; };
		AA0000000000000000000213 /* BlockRulesView.swift */ = {isa = PBXFileReference; lastKnownFileType = sourcecode.swift; path = BlockRulesView.swift; sourceTree = "<group>"; };
		AA0000000000000000000214 /* GenerateView.swift */ = {isa = PBXFileReference; lastKnownFileType = sourcecode.swift; path = GenerateView.swift; sourceTree = "<group>"; };
		AA0000000000000000000215 /* ResultsView.swift */ = {isa = PBXFileReference; lastKnownFileType = sourcecode.swift; path = ResultsView.swift; sourceTree = "<group>"; };
		AA0000000000000000000216 /* ortools_solver.py */ = {isa = PBXFileReference; lastKnownFileType = text.script.python; path = ortools_solver.py; sourceTree = "<group>"; };
		AA0000000000000000000217 /* SettingsView.swift */ = {isa = PBXFileReference; lastKnownFileType = sourcecode.swift; path = SettingsView.swift; sourceTree = "<group>"; };
		AA0000000000000000000218 /* MonthlyCalendarPage.swift */ = {isa = PBXFileReference; lastKnownFileType = sourcecode.swift; path = MonthlyCalendarPage.swift; sourceTree = "<group>"; };
/* End PBXFileReference section */

/* Begin PBXFrameworksBuildPhase section */
		AA0000000000000000001001 /* Frameworks */ = {
			isa = PBXFrameworksBuildPhase;
			buildActionMask = 2147483647;
			files = (
			);
			runOnlyForDeploymentPostprocessing = 0;
		};
/* End PBXFrameworksBuildPhase section */

/* Begin PBXGroup section */
		AA0000000000000000002001 = {
			isa = PBXGroup;
			children = (
				AA0000000000000000002002 /* Sources */,
				AA0000000000000000002008 /* Resources */,
				AA0000000000000000002003 /* Products */,
			);
			sourceTree = "<group>";
		};
		AA0000000000000000002002 /* Sources */ = {
			isa = PBXGroup;
			children = (
				AA0000000000000000002004 /* App */,
				AA0000000000000000002005 /* Domain */,
				AA0000000000000000002006 /* Solver */,
				AA0000000000000000002007 /* Persistence */,
				AA0000000000000000002009 /* Export */,
				AA0000000000000000002010 /* Views */,
			);
			path = Sources/MetroAISchedulerApp;
			sourceTree = SOURCE_ROOT;
		};
		AA0000000000000000002003 /* Products */ = {
			isa = PBXGroup;
			children = (
				AA0000000000000000000001 /* MetroAIScheduler.app */,
			);
			name = Products;
			sourceTree = "<group>";
		};
		AA0000000000000000002004 /* App */ = {
			isa = PBXGroup;
			children = (
				AA0000000000000000000201 /* MetroAISchedulerApp.swift */,
				AA0000000000000000000202 /* AppViewModel.swift */,
			);
			path = App;
			sourceTree = "<group>";
		};
		AA0000000000000000002005 /* Domain */ = {
			isa = PBXGroup;
			children = (
				AA0000000000000000000203 /* Models.swift */,
				AA0000000000000000000204 /* Validation.swift */,
				AA0000000000000000000205 /* ShiftExpansion.swift */,
			);
			path = Domain;
			sourceTree = "<group>";
		};
		AA0000000000000000002006 /* Solver */ = {
			isa = PBXGroup;
			children = (
				AA0000000000000000000206 /* SolverTypes.swift */,
				AA0000000000000000000207 /* PythonSolverAdapter.swift */,
			);
			path = Solver;
			sourceTree = "<group>";
		};
		AA0000000000000000002007 /* Persistence */ = {
			isa = PBXGroup;
			children = (
				AA0000000000000000000208 /* ProjectStore.swift */,
			);
			path = Persistence;
			sourceTree = "<group>";
		};
		AA0000000000000000002008 /* Resources */ = {
			isa = PBXGroup;
			children = (
				AA0000000000000000000216 /* ortools_solver.py */,
			);
			path = Sources/MetroAISchedulerApp/Resources;
			sourceTree = SOURCE_ROOT;
		};
		AA0000000000000000002009 /* Export */ = {
			isa = PBXGroup;
			children = (
				AA0000000000000000000209 /* Exporters.swift */,
			);
			path = Export;
			sourceTree = "<group>";
		};
		AA0000000000000000002010 /* Views */ = {
			isa = PBXGroup;
			children = (
				AA0000000000000000000210 /* ContentView.swift */,
				AA0000000000000000000211 /* ShiftTemplatesView.swift */,
				AA0000000000000000000212 /* StudentsView.swift */,
				AA0000000000000000000213 /* BlockRulesView.swift */,
				AA0000000000000000000214 /* GenerateView.swift */,
				AA0000000000000000000215 /* ResultsView.swift */,
				AA0000000000000000000217 /* SettingsView.swift */,
				AA0000000000000000000218 /* MonthlyCalendarPage.swift */,
			);
			path = Views;
			sourceTree = "<group>";
		};
/* End PBXGroup section */

/* Begin PBXNativeTarget section */
		AA0000000000000000003001 /* MetroAIScheduler */ = {
			isa = PBXNativeTarget;
			buildConfigurationList = AA0000000000000000005002 /* Build configuration list for PBXNativeTarget "MetroAIScheduler" */;
			buildPhases = (
				AA0000000000000000001002 /* Sources */,
				AA0000000000000000001001 /* Frameworks */,
				AA0000000000000000001003 /* Resources */,
			);
			buildRules = (
			);
			dependencies = (
			);
			name = MetroAIScheduler;
			productName = MetroAIScheduler;
			productReference = AA0000000000000000000001 /* MetroAIScheduler.app */;
			productType = "com.apple.product-type.application";
		};
/* End PBXNativeTarget section */

/* Begin PBXProject section */
		AA0000000000000000004001 /* Project object */ = {
			isa = PBXProject;
			attributes = {
				BuildIndependentTargetsInParallel = 1;
				LastSwiftUpdateCheck = 2600;
				LastUpgradeCheck = 2600;
				TargetAttributes = {
					AA0000000000000000003001 = {
						CreatedOnToolsVersion = 26.2;
					};
				};
			};
			buildConfigurationList = AA0000000000000000005001 /* Build configuration list for PBXProject "MetroAIScheduler" */;
			compatibilityVersion = "Xcode 15.0";
			developmentRegion = en;
			hasScannedForEncodings = 0;
			knownRegions = (
				en,
				Base,
			);
			mainGroup = AA0000000000000000002001;
			productRefGroup = AA0000000000000000002003 /* Products */;
			projectDirPath = "";
			projectRoot = "";
			targets = (
				AA0000000000000000003001 /* MetroAIScheduler */,
			);
		};
/* End PBXProject section */

/* Begin PBXResourcesBuildPhase section */
		AA0000000000000000001003 /* Resources */ = {
			isa = PBXResourcesBuildPhase;
			buildActionMask = 2147483647;
			files = (
				AA0000000000000000000116 /* ortools_solver.py in Resources */,
			);
			runOnlyForDeploymentPostprocessing = 0;
		};
/* End PBXResourcesBuildPhase section */

/* Begin PBXSourcesBuildPhase section */
		AA0000000000000000001002 /* Sources */ = {
			isa = PBXSourcesBuildPhase;
			buildActionMask = 2147483647;
			files = (
				AA0000000000000000000101 /* MetroAISchedulerApp.swift in Sources */,
				AA0000000000000000000102 /* AppViewModel.swift in Sources */,
				AA0000000000000000000103 /* Models.swift in Sources */,
				AA0000000000000000000104 /* Validation.swift in Sources */,
				AA0000000000000000000105 /* ShiftExpansion.swift in Sources */,
				AA0000000000000000000106 /* SolverTypes.swift in Sources */,
				AA0000000000000000000107 /* PythonSolverAdapter.swift in Sources */,
				AA0000000000000000000108 /* ProjectStore.swift in Sources */,
				AA0000000000000000000109 /* Exporters.swift in Sources */,
				AA0000000000000000000110 /* ContentView.swift in Sources */,
				AA0000000000000000000111 /* ShiftTemplatesView.swift in Sources */,
				AA0000000000000000000112 /* StudentsView.swift in Sources */,
				AA0000000000000000000113 /* BlockRulesView.swift in Sources */,
				AA0000000000000000000114 /* GenerateView.swift in Sources */,
				AA0000000000000000000115 /* ResultsView.swift in Sources */,
				AA0000000000000000000117 /* SettingsView.swift in Sources */,
				AA0000000000000000000118 /* MonthlyCalendarPage.swift in Sources */,
			);
			runOnlyForDeploymentPostprocessing = 0;
		};
/* End PBXSourcesBuildPhase section */

/* Begin XCBuildConfiguration section */
		AA0000000000000000006001 /* Debug */ = {
			isa = XCBuildConfiguration;
			buildSettings = {
				ALWAYS_SEARCH_USER_PATHS = NO;
				CLANG_ENABLE_MODULES = YES;
				CLANG_ENABLE_OBJC_ARC = YES;
				COPY_PHASE_STRIP = NO;
				DEBUG_INFORMATION_FORMAT = dwarf;
				ENABLE_TESTABILITY = YES;
				GCC_C_LANGUAGE_STANDARD = gnu17;
				GCC_DYNAMIC_NO_PIC = NO;
				GCC_NO_COMMON_BLOCKS = YES;
				MACOSX_DEPLOYMENT_TARGET = 26.0;
				ONLY_ACTIVE_ARCH = YES;
				SDKROOT = macosx;
				SWIFT_ACTIVE_COMPILATION_CONDITIONS = DEBUG;
				SWIFT_OPTIMIZATION_LEVEL = "-Onone";
			};
			name = Debug;
		};
		AA0000000000000000006002 /* Release */ = {
			isa = XCBuildConfiguration;
			buildSettings = {
				ALWAYS_SEARCH_USER_PATHS = NO;
				CLANG_ENABLE_MODULES = YES;
				CLANG_ENABLE_OBJC_ARC = YES;
				COPY_PHASE_STRIP = NO;
				DEBUG_INFORMATION_FORMAT = "dwarf-with-dsym";
				ENABLE_NS_ASSERTIONS = NO;
				GCC_C_LANGUAGE_STANDARD = gnu17;
				GCC_NO_COMMON_BLOCKS = YES;
				MACOSX_DEPLOYMENT_TARGET = 26.0;
				SDKROOT = macosx;
				SWIFT_OPTIMIZATION_LEVEL = "-O";
			};
			name = Release;
		};
		AA0000000000000000006101 /* Debug */ = {
			isa = XCBuildConfiguration;
			buildSettings = {
				ASSETCATALOG_COMPILER_GENERATE_SWIFT_ASSET_SYMBOL_EXTENSIONS = YES;
				ARCHS = arm64;
				CODE_SIGN_STYLE = Automatic;
				CURRENT_PROJECT_VERSION = 1;
				DEVELOPMENT_TEAM = "";
				ENABLE_APP_SANDBOX = NO;
				GENERATE_INFOPLIST_FILE = YES;
				INFOPLIST_KEY_CFBundleDisplayName = "Metro AI Scheduler";
				INFOPLIST_KEY_LSApplicationCategoryType = "public.app-category.education";
				LD_RUNPATH_SEARCH_PATHS = "$(inherited) @executable_path/../Frameworks";
				MARKETING_VERSION = 1.0;
				PRODUCT_BUNDLE_IDENTIFIER = com.metroaischeduler.app;
				PRODUCT_NAME = "$(TARGET_NAME)";
				SWIFT_EMIT_LOC_STRINGS = YES;
				SWIFT_VERSION = 5.0;
			};
			name = Debug;
		};
		AA0000000000000000006102 /* Release */ = {
			isa = XCBuildConfiguration;
			buildSettings = {
				ASSETCATALOG_COMPILER_GENERATE_SWIFT_ASSET_SYMBOL_EXTENSIONS = YES;
				ARCHS = arm64;
				CODE_SIGN_STYLE = Automatic;
				CURRENT_PROJECT_VERSION = 1;
				DEVELOPMENT_TEAM = "";
				ENABLE_APP_SANDBOX = NO;
				GENERATE_INFOPLIST_FILE = YES;
				INFOPLIST_KEY_CFBundleDisplayName = "Metro AI Scheduler";
				INFOPLIST_KEY_LSApplicationCategoryType = "public.app-category.education";
				LD_RUNPATH_SEARCH_PATHS = "$(inherited) @executable_path/../Frameworks";
				MARKETING_VERSION = 1.0;
				PRODUCT_BUNDLE_IDENTIFIER = com.metroaischeduler.app;
				PRODUCT_NAME = "$(TARGET_NAME)";
				SWIFT_EMIT_LOC_STRINGS = YES;
				SWIFT_VERSION = 5.0;
			};
			name = Release;
		};
/* End XCBuildConfiguration section */

/* Begin XCConfigurationList section */
		AA0000000000000000005001 /* Build configuration list for PBXProject "MetroAIScheduler" */ = {
			isa = XCConfigurationList;
			buildConfigurations = (
				AA0000000000000000006001 /* Debug */,
				AA0000000000000000006002 /* Release */,
			);
			defaultConfigurationIsVisible = 0;
			defaultConfigurationName = Release;
		};
		AA0000000000000000005002 /* Build configuration list for PBXNativeTarget "MetroAIScheduler" */ = {
			isa = XCConfigurationList;
			buildConfigurations = (
				AA0000000000000000006101 /* Debug */,
				AA0000000000000000006102 /* Release */,
			);
			defaultConfigurationIsVisible = 0;
			defaultConfigurationName = Release;
		};
/* End XCConfigurationList section */
	};
	rootObject = AA0000000000000000004001 /* Project object */;
}
